
Microsoft Visual Studio Solution File, Format Version 12.00
# Visual Studio Version 17
VisualStudioVersion = 17.6.33723.286
MinimumVisualStudioVersion = 10.0.40219.1
Project("{FAE04EC0-301F-11D3-BF4B-00C04F79EFBC}") = "Unitest", "Unitest_Test6\Unitest.csproj", "{B507A059-4313-4C74-9D92-67FE71BD76ED}"
EndProject
Global
	GlobalSection(SolutionConfigurationPlatforms) = preSolution
		Debug|Any CPU = Debug|Any CPU
		Release|Any CPU = Release|Any CPU
	EndGlobalSection
	GlobalSection(ProjectConfigurationPlatforms) = postSolution
		{B507A059-4313-4C74-9D92-67FE71BD76ED}.Debug|Any CPU.ActiveCfg = Debug|Any CPU
		{B507A059-4313-4C74-9D92-67FE71BD76ED}.Debug|Any CPU.Build.0 = Debug|Any CPU
		{B507A059-4313-4C74-9D92-67FE71BD76ED}.Release|Any CPU.ActiveCfg = Release|Any CPU
		{B507A059-4313-4C74-9D92-67FE71BD76ED}.Release|Any CPU.Build.0 = Release|Any CPU
	EndGlobalSection
	GlobalSection(SolutionProperties) = preSolution
		HideSolutionNode = FALSE
	EndGlobalSection
	GlobalSection(ExtensibilityGlobals) = postSolution
		SolutionGuid = {DBDCA620-32F0-4644-95B0-BB78E73FFEBA}
	EndGlobalSection
EndGlobal
